
Microsoft Visual Studio Solution File, Format Version 12.00
# Visual Studio Version 17
VisualStudioVersion = 17.5.2.0
MinimumVisualStudioVersion = 10.0.40219.1
Project("{FAE04EC0-301F-11D3-BF4B-00C04F79EFBC}") = "formatowanie_danych", "formatowanie_danych\formatowanie_danych.csproj", "{FC91F95B-C6B6-7181-CB54-A8F624F15CF5}"
EndProject
Project("{FAE04EC0-301F-11D3-BF4B-00C04F79EFBC}") = "metody_pomocników", "metody_pomocników\metody_pomocników.csproj", "{D6314373-8EA5-CCFE-AF9B-D545B07A5D68}"
EndProject
Project("{FAE04EC0-301F-11D3-BF4B-00C04F79EFBC}") = "Projekt_Agata_Ochocińska", "projekt_wypozyczalnia\Projekt_Agata_Ochocińska.csproj", "{15F9E6C9-A7C5-C1F2-5C60-0E566F90BA85}"
EndProject
Global
	GlobalSection(SolutionConfigurationPlatforms) = preSolution
		Debug|Any CPU = Debug|Any CPU
		Release|Any CPU = Release|Any CPU
	EndGlobalSection
	GlobalSection(ProjectConfigurationPlatforms) = postSolution
		{FC91F95B-C6B6-7181-CB54-A8F624F15CF5}.Debug|Any CPU.ActiveCfg = Debug|Any CPU
		{FC91F95B-C6B6-7181-CB54-A8F624F15CF5}.Debug|Any CPU.Build.0 = Debug|Any CPU
		{FC91F95B-C6B6-7181-CB54-A8F624F15CF5}.Release|Any CPU.ActiveCfg = Release|Any CPU
		{FC91F95B-C6B6-7181-CB54-A8F624F15CF5}.Release|Any CPU.Build.0 = Release|Any CPU
		{D6314373-8EA5-CCFE-AF9B-D545B07A5D68}.Debug|Any CPU.ActiveCfg = Debug|Any CPU
		{D6314373-8EA5-CCFE-AF9B-D545B07A5D68}.Debug|Any CPU.Build.0 = Debug|Any CPU
		{D6314373-8EA5-CCFE-AF9B-D545B07A5D68}.Release|Any CPU.ActiveCfg = Release|Any CPU
		{D6314373-8EA5-CCFE-AF9B-D545B07A5D68}.Release|Any CPU.Build.0 = Release|Any CPU
		{15F9E6C9-A7C5-C1F2-5C60-0E566F90BA85}.Debug|Any CPU.ActiveCfg = Debug|Any CPU
		{15F9E6C9-A7C5-C1F2-5C60-0E566F90BA85}.Debug|Any CPU.Build.0 = Debug|Any CPU
		{15F9E6C9-A7C5-C1F2-5C60-0E566F90BA85}.Release|Any CPU.ActiveCfg = Release|Any CPU
		{15F9E6C9-A7C5-C1F2-5C60-0E566F90BA85}.Release|Any CPU.Build.0 = Release|Any CPU
	EndGlobalSection
	GlobalSection(SolutionProperties) = preSolution
		HideSolutionNode = FALSE
	EndGlobalSection
	GlobalSection(ExtensibilityGlobals) = postSolution
		SolutionGuid = {53F3E0AF-6158-4006-9A06-77D4D01716B8}
	EndGlobalSection
EndGlobal
